
Microsoft Visual Studio Solution File, Format Version 12.00
# Visual Studio 14
VisualStudioVersion = 14.0.25123.0
MinimumVisualStudioVersion = 10.0.40219.1
Project("{FAE04EC0-301F-11D3-BF4B-00C04F79EFBC}") = "Browser", "Browser.csproj", "{7AC1CD76-65C0-4D71-AFE7-6095570933F4}"
EndProject
Project("{FAE04EC0-301F-11D3-BF4B-00C04F79EFBC}") = "Parser", "Parser\Parser.csproj", "{19FDD402-684F-4F13-B041-1381AF3FD109}"
EndProject
Project("{FAE04EC0-301F-11D3-BF4B-00C04F79EFBC}") = "BrowserController", "Manager\BrowserController.csproj", "{7D2D44F0-41B9-4D4A-8928-E9FBFA20D1EF}"
EndProject
Project("{FAE04EC0-301F-11D3-BF4B-00C04F79EFBC}") = "DataAccess", "DataAccess\DataAccess.csproj", "{B8182D4C-FE42-4BCC-AE85-FBFAACE0C9B2}"
EndProject
Project("{FAE04EC0-301F-11D3-BF4B-00C04F79EFBC}") = "DataMaintenance", "DataMaintenance\DataMaintenance.csproj", "{118E71B5-D8B6-49B7-836B-8DAE6B7AEE2E}"
EndProject
Project("{FAE04EC0-301F-11D3-BF4B-00C04F79EFBC}") = "Core", "Core\Core.csproj", "{46A2EC54-0F04-4D2F-B52B-3D66A17089F1}"
EndProject
Project("{FAE04EC0-301F-11D3-BF4B-00C04F79EFBC}") = "Service", "Service\Service.csproj", "{F56497E5-79E5-461A-8F5A-46588A98931E}"
EndProject
Global
	GlobalSection(SolutionConfigurationPlatforms) = preSolution
		Debug|Any CPU = Debug|Any CPU
		Release|Any CPU = Release|Any CPU
	EndGlobalSection
	GlobalSection(ProjectConfigurationPlatforms) = postSolution
		{7AC1CD76-65C0-4D71-AFE7-6095570933F4}.Debug|Any CPU.ActiveCfg = Debug|Any CPU
		{7AC1CD76-65C0-4D71-AFE7-6095570933F4}.Debug|Any CPU.Build.0 = Debug|Any CPU
		{7AC1CD76-65C0-4D71-AFE7-6095570933F4}.Release|Any CPU.ActiveCfg = Release|Any CPU
		{7AC1CD76-65C0-4D71-AFE7-6095570933F4}.Release|Any CPU.Build.0 = Release|Any CPU
		{19FDD402-684F-4F13-B041-1381AF3FD109}.Debug|Any CPU.ActiveCfg = Debug|Any CPU
		{19FDD402-684F-4F13-B041-1381AF3FD109}.Debug|Any CPU.Build.0 = Debug|Any CPU
		{19FDD402-684F-4F13-B041-1381AF3FD109}.Release|Any CPU.ActiveCfg = Release|Any CPU
		{19FDD402-684F-4F13-B041-1381AF3FD109}.Release|Any CPU.Build.0 = Release|Any CPU
		{7D2D44F0-41B9-4D4A-8928-E9FBFA20D1EF}.Debug|Any CPU.ActiveCfg = Debug|Any CPU
		{7D2D44F0-41B9-4D4A-8928-E9FBFA20D1EF}.Debug|Any CPU.Build.0 = Debug|Any CPU
		{7D2D44F0-41B9-4D4A-8928-E9FBFA20D1EF}.Release|Any CPU.ActiveCfg = Release|Any CPU
		{7D2D44F0-41B9-4D4A-8928-E9FBFA20D1EF}.Release|Any CPU.Build.0 = Release|Any CPU
		{B8182D4C-FE42-4BCC-AE85-FBFAACE0C9B2}.Debug|Any CPU.ActiveCfg = Debug|Any CPU
		{B8182D4C-FE42-4BCC-AE85-FBFAACE0C9B2}.Debug|Any CPU.Build.0 = Debug|Any CPU
		{B8182D4C-FE42-4BCC-AE85-FBFAACE0C9B2}.Release|Any CPU.ActiveCfg = Release|Any CPU
		{B8182D4C-FE42-4BCC-AE85-FBFAACE0C9B2}.Release|Any CPU.Build.0 = Release|Any CPU
		{118E71B5-D8B6-49B7-836B-8DAE6B7AEE2E}.Debug|Any CPU.ActiveCfg = Debug|Any CPU
		{118E71B5-D8B6-49B7-836B-8DAE6B7AEE2E}.Debug|Any CPU.Build.0 = Debug|Any CPU
		{118E71B5-D8B6-49B7-836B-8DAE6B7AEE2E}.Release|Any CPU.ActiveCfg = Release|Any CPU
		{118E71B5-D8B6-49B7-836B-8DAE6B7AEE2E}.Release|Any CPU.Build.0 = Release|Any CPU
		{46A2EC54-0F04-4D2F-B52B-3D66A17089F1}.Debug|Any CPU.ActiveCfg = Debug|Any CPU
		{46A2EC54-0F04-4D2F-B52B-3D66A17089F1}.Debug|Any CPU.Build.0 = Debug|Any CPU
		{46A2EC54-0F04-4D2F-B52B-3D66A17089F1}.Release|Any CPU.ActiveCfg = Release|Any CPU
		{46A2EC54-0F04-4D2F-B52B-3D66A17089F1}.Release|Any CPU.Build.0 = Release|Any CPU
		{F56497E5-79E5-461A-8F5A-46588A98931E}.Debug|Any CPU.ActiveCfg = Debug|Any CPU
		{F56497E5-79E5-461A-8F5A-46588A98931E}.Debug|Any CPU.Build.0 = Debug|Any CPU
		{F56497E5-79E5-461A-8F5A-46588A98931E}.Release|Any CPU.ActiveCfg = Release|Any CPU
		{F56497E5-79E5-461A-8F5A-46588A98931E}.Release|Any CPU.Build.0 = Release|Any CPU
	EndGlobalSection
	GlobalSection(SolutionProperties) = preSolution
		HideSolutionNode = FALSE
	EndGlobalSection
EndGlobal
